
Microsoft Visual Studio Solution File, Format Version 12.00
# Visual Studio Version 16
VisualStudioVersion = 16.0.31613.86
MinimumVisualStudioVersion = 10.0.40219.1
Project("{FAE04EC0-301F-11D3-BF4B-00C04F79EFBC}") = "AppWF", "AppWF\AppWF.csproj", "{E9366634-8217-4E74-A9EB-59621E4AD3ED}"
EndProject
Global
	GlobalSection(SolutionConfigurationPlatforms) = preSolution
		Debug|Any CPU = Debug|Any CPU
		Release|Any CPU = Release|Any CPU
	EndGlobalSection
	GlobalSection(ProjectConfigurationPlatforms) = postSolution
		{E9366634-8217-4E74-A9EB-59621E4AD3ED}.Debug|Any CPU.ActiveCfg = Debug|Any CPU
		{E9366634-8217-4E74-A9EB-59621E4AD3ED}.Debug|Any CPU.Build.0 = Debug|Any CPU
		{E9366634-8217-4E74-A9EB-59621E4AD3ED}.Release|Any CPU.ActiveCfg = Release|Any CPU
		{E9366634-8217-4E74-A9EB-59621E4AD3ED}.Release|Any CPU.Build.0 = Release|Any CPU
	EndGlobalSection
	GlobalSection(SolutionProperties) = preSolution
		HideSolutionNode = FALSE
	EndGlobalSection
	GlobalSection(ExtensibilityGlobals) = postSolution
		SolutionGuid = {980BA738-27F5-43AC-8482-D9A43690BEB4}
	EndGlobalSection
EndGlobal
